
Microsoft Visual Studio Solution File, Format Version 12.00
# Visual Studio Version 16
VisualStudioVersion = 16.0.30503.244
MinimumVisualStudioVersion = 10.0.40219.1
Project("{FAE04EC0-301F-11D3-BF4B-00C04F79EFBC}") = "core", "core\core.csproj", "{FB9CA36D-34CE-48E2-A675-FA8286321F0E}"
EndProject
Project("{FAE04EC0-301F-11D3-BF4B-00C04F79EFBC}") = "devcheck", "devcheck\devcheck.csproj", "{46B2DC03-7273-40EE-809B-0185E5EE959E}"
EndProject
Global
	GlobalSection(SolutionConfigurationPlatforms) = preSolution
		Debug|Any CPU = Debug|Any CPU
		Release|Any CPU = Release|Any CPU
	EndGlobalSection
	GlobalSection(ProjectConfigurationPlatforms) = postSolution
		{FB9CA36D-34CE-48E2-A675-FA8286321F0E}.Debug|Any CPU.ActiveCfg = Debug|Any CPU
		{FB9CA36D-34CE-48E2-A675-FA8286321F0E}.Debug|Any CPU.Build.0 = Debug|Any CPU
		{FB9CA36D-34CE-48E2-A675-FA8286321F0E}.Release|Any CPU.ActiveCfg = Release|Any CPU
		{FB9CA36D-34CE-48E2-A675-FA8286321F0E}.Release|Any CPU.Build.0 = Release|Any CPU
		{46B2DC03-7273-40EE-809B-0185E5EE959E}.Debug|Any CPU.ActiveCfg = Debug|Any CPU
		{46B2DC03-7273-40EE-809B-0185E5EE959E}.Debug|Any CPU.Build.0 = Debug|Any CPU
		{46B2DC03-7273-40EE-809B-0185E5EE959E}.Release|Any CPU.ActiveCfg = Release|Any CPU
		{46B2DC03-7273-40EE-809B-0185E5EE959E}.Release|Any CPU.Build.0 = Release|Any CPU
	EndGlobalSection
	GlobalSection(SolutionProperties) = preSolution
		HideSolutionNode = FALSE
	EndGlobalSection
	GlobalSection(ExtensibilityGlobals) = postSolution
		SolutionGuid = {1D2ADC39-D22F-4D9C-8BDA-488920DB6440}
	EndGlobalSection
EndGlobal
